schema: '2.0'
stages:
  preprocess:
    cmd: Rscript.exe .\pre-proccess.R .\data\cardetails-v4.csv .\data\cardetails-clean.csv
    deps:
    - path: .\data\cardetails-v4.csv
      md5: 36ddae22961abfd2b06af623b0723a25
      size: 352832
    - path: .\pre-proccess.R
      md5: 3be3e4d29e4c3402b56e95b3065b6526
      size: 355
    params:
      params.yaml:
        source_data_file: .\data\cardetails-v4.csv
        target_data_file: .\data\cardetails-clean.csv
  install-packages:
    cmd: Rscript.exe ./install.R
    deps:
    - path: ./install.R
      hash: md5
      md5: 2028dd058ae2d94c450214335af589fc
      size: 1508
    - path: ./install.dev.R
      hash: md5
      md5: 3bd43ecbcb7a7d6bbee62a789b03a874
      size: 179
