schema: '2.0'
stages:
  preprocess:
    cmd: Rscript.exe .\pre-proccess.R .\data\cardetails-v4.csv .\data\cardetails-clean.csv
    deps:
    - path: .\data\cardetails-v4.csv
      md5: 36ddae22961abfd2b06af623b0723a25
      size: 352832
    - path: .\pre-proccess.R
      md5: 3be3e4d29e4c3402b56e95b3065b6526
      size: 355
    params:
      params.yaml:
        source_data_file: .\data\cardetails-v4.csv
        target_data_file: .\data\cardetails-clean.csv
  install-packages:
    cmd:
    - Rscript.exe ./install.R
    - Rscript.exe ./install.dev.R
    deps:
    - path: ./install.R
      hash: md5
      md5: dfce1cec2e4c1db65385dbc4f80dd9e8
      size: 1556
    - path: ./install.dev.R
      hash: md5
      md5: 01288d08233fbda899f4960453964869
      size: 190
